
Microsoft Visual Studio Solution File, Format Version 12.00
# Visual Studio Version 17
VisualStudioVersion = 17.6.33815.320
MinimumVisualStudioVersion = 10.0.40219.1
Project("{FAE04EC0-301F-11D3-BF4B-00C04F79EFBC}") = "WpfApp2", "WpfApp2\WpfApp2.csproj", "{1677992B-9CF4-4599-8E5C-4259783094BF}"
EndProject
Global
	GlobalSection(SolutionConfigurationPlatforms) = preSolution
		Debug|Any CPU = Debug|Any CPU
		Release|Any CPU = Release|Any CPU
	EndGlobalSection
	GlobalSection(ProjectConfigurationPlatforms) = postSolution
		{1677992B-9CF4-4599-8E5C-4259783094BF}.Debug|Any CPU.ActiveCfg = Debug|Any CPU
		{1677992B-9CF4-4599-8E5C-4259783094BF}.Debug|Any CPU.Build.0 = Debug|Any CPU
		{1677992B-9CF4-4599-8E5C-4259783094BF}.Release|Any CPU.ActiveCfg = Release|Any CPU
		{1677992B-9CF4-4599-8E5C-4259783094BF}.Release|Any CPU.Build.0 = Release|Any CPU
	EndGlobalSection
	GlobalSection(SolutionProperties) = preSolution
		HideSolutionNode = FALSE
	EndGlobalSection
	GlobalSection(ExtensibilityGlobals) = postSolution
		SolutionGuid = {7196E25A-94EA-4EBA-9E72-A81A921024BB}
	EndGlobalSection
EndGlobal
